{
  "name": "micro-batching-client",
  "version": "1.0.0",
  "lockfileVersion": 3,
  "requires": true,
  "packages": {
    "": {
      "name": "micro-batching-client",
      "version": "1.0.0",
      "license": "ISC",
      "devDependencies": {
        "@smilexx2/micro-batching-library": "1.0.8"
      }
    },
    "node_modules/@smilexx2/micro-batching-library": {
      "version": "1.0.8",
      "resolved": "https://npm.pkg.github.com/download/@smilexx2/micro-batching-library/1.0.8/59c5746d900d47c007948c8b4952d2e1ec6c6913",
      "integrity": "sha512-yGoV9Hx9DDBaPB7axs754XZfYgbc/x/3dteeb6yPzh7xe/yLmJvhTaP5ZpQt7c5ZZtXYVke+HHdKb0Lvq6oOOQ==",
      "dev": true
    }
  }
}
