{
  "name": "micro-batching-client",
  "version": "1.0.0",
  "lockfileVersion": 3,
  "requires": true,
  "packages": {
    "": {
      "name": "micro-batching-client",
      "version": "1.0.0",
      "license": "ISC",
      "devDependencies": {
        "@smilexx2/micro-batching-library": "1.0.0"
      }
    },
    "node_modules/@smilexx2/micro-batching-library": {
      "version": "1.0.0",
      "resolved": "https://npm.pkg.github.com/download/@smilexx2/micro-batching-library/1.0.0/5c665960f4579eb36ba98ca65cac895fa4c7a923",
      "integrity": "sha512-IJAHBDlxnBY2LhWL8Dejy4OQ/GWlxksBjnH/OJvhzk4c9pgDGW6GGCfrBRYn6fXDfL66LwVn6iqx0vJK19kIGw==",
      "dev": true
    }
  }
}
