{
  "name": "micro-batching-client",
  "version": "1.0.0",
  "lockfileVersion": 3,
  "requires": true,
  "packages": {
    "": {
      "name": "micro-batching-client",
      "version": "1.0.0",
      "license": "ISC",
      "devDependencies": {
        "@smilexx2/micro-batching-library": "1.0.6"
      }
    },
    "node_modules/@smilexx2/micro-batching-library": {
      "version": "1.0.6",
      "resolved": "https://npm.pkg.github.com/download/@smilexx2/micro-batching-library/1.0.6/f1389cdd731964f8ce5192a2f4c52c3147ec561c",
      "integrity": "sha512-i2BudgpiQzM76Cw/tf7B4W02KoJzCYlH6s8z506KNdEsvpYRuzm1gCe7hXNgsrxznxODZH4JOaHv2OcOnrTWqQ==",
      "dev": true
    }
  }
}
